
Microsoft Visual Studio Solution File, Format Version 12.00
# Visual Studio Version 17
VisualStudioVersion = 17.14.36127.28
MinimumVisualStudioVersion = 10.0.40219.1
Project("{2150E333-8FDC-42A3-9474-1A3956D46DE8}") = "1-Service", "1-Service", "{02EA681E-C7D8-13C7-8484-4AC65E1B71E8}"
EndProject
Project("{2150E333-8FDC-42A3-9474-1A3956D46DE8}") = "2-Business", "2-Business", "{EEEDD957-1D37-4892-9D0F-D880B3D545E6}"
EndProject
Project("{2150E333-8FDC-42A3-9474-1A3956D46DE8}") = "3-Data", "3-Data", "{13A75666-A890-4996-8BBF-68000F81D268}"
EndProject
Project("{2150E333-8FDC-42A3-9474-1A3956D46DE8}") = "4-Fondation", "4-Fondation", "{8CB79FAB-2E13-4ABE-B9A8-264C94C173E8}"
EndProject
Project("{FAE04EC0-301F-11D3-BF4B-00C04F79EFBC}") = "Cinema.Business", "Cinema.Business\Cinema.Business.csproj", "{2E190B91-1632-4C9C-A2A3-623F5543AFA7}"
EndProject
Project("{FAE04EC0-301F-11D3-BF4B-00C04F79EFBC}") = "Cinema.Business.Contracts", "Cinema.Business.Contracts\Cinema.Business.Contracts.csproj", "{4E817636-FE5E-4354-84CD-867E8DC2B224}"
EndProject
Project("{FAE04EC0-301F-11D3-BF4B-00C04F79EFBC}") = "Cinema.Business.DTO", "Cinema.Business.DTO\Cinema.Business.DTO.csproj", "{C6982771-D9F9-4AD3-87DA-B82ECC2F2EEB}"
EndProject
Project("{FAE04EC0-301F-11D3-BF4B-00C04F79EFBC}") = "Cinema.Business.Models", "Cinema.Business.Models\Cinema.Business.Models.csproj", "{7CB36058-2249-44C2-9D9D-A2439787D5FE}"
EndProject
Project("{FAE04EC0-301F-11D3-BF4B-00C04F79EFBC}") = "Cinema.Business.Tessts", "Cinema.Business.Tessts\Cinema.Business.Tessts.csproj", "{F555E9A5-C928-4510-A264-CD98FD0CC057}"
EndProject
Project("{FAE04EC0-301F-11D3-BF4B-00C04F79EFBC}") = "Cinema.Service.Clients", "Cinema.Service.Clients\Cinema.Service.Clients.csproj", "{1E9C4690-DF5D-4779-B53D-16E7943785EB}"
EndProject
Project("{FAE04EC0-301F-11D3-BF4B-00C04F79EFBC}") = "Cinema.Service.WebApiHost", "Cinema.Service.WebApiHost\Cinema.Service.WebApiHost.csproj", "{8260AECD-FE39-45D8-8971-D4F5681F3FF8}"
EndProject
Project("{FAE04EC0-301F-11D3-BF4B-00C04F79EFBC}") = "Cinema.Data", "Cinema.Data\Cinema.Data.csproj", "{BC2F9ED2-FE5A-4E8C-B8DA-7DCF5F55675A}"
EndProject
Project("{FAE04EC0-301F-11D3-BF4B-00C04F79EFBC}") = "Cinema.Data.Contracts", "Cinema.Data.Contracts\Cinema.Data.Contracts.csproj", "{AF36A3DB-E00B-462C-A7C4-1A380DB6E852}"
EndProject
Project("{FAE04EC0-301F-11D3-BF4B-00C04F79EFBC}") = "Cinema.Data.Entities", "Cinema.Data.Entities\Cinema.Data.Entities.csproj", "{3CE6B008-71C3-4FEA-9809-767036C2B04F}"
EndProject
Project("{FAE04EC0-301F-11D3-BF4B-00C04F79EFBC}") = "Cinema.Data.Tests", "Cinema.Data.Tests\Cinema.Data.Tests.csproj", "{68516DD7-077A-4169-B788-72705D8164AF}"
EndProject
Project("{2150E333-8FDC-42A3-9474-1A3956D46DE8}") = "Logging", "Logging", "{A93B9170-1C9A-41A5-8C49-7EAD59DC1D30}"
EndProject
Global
	GlobalSection(SolutionConfigurationPlatforms) = preSolution
		Debug|Any CPU = Debug|Any CPU
		Release|Any CPU = Release|Any CPU
	EndGlobalSection
	GlobalSection(ProjectConfigurationPlatforms) = postSolution
		{2E190B91-1632-4C9C-A2A3-623F5543AFA7}.Debug|Any CPU.ActiveCfg = Debug|Any CPU
		{2E190B91-1632-4C9C-A2A3-623F5543AFA7}.Debug|Any CPU.Build.0 = Debug|Any CPU
		{2E190B91-1632-4C9C-A2A3-623F5543AFA7}.Release|Any CPU.ActiveCfg = Release|Any CPU
		{2E190B91-1632-4C9C-A2A3-623F5543AFA7}.Release|Any CPU.Build.0 = Release|Any CPU
		{4E817636-FE5E-4354-84CD-867E8DC2B224}.Debug|Any CPU.ActiveCfg = Debug|Any CPU
		{4E817636-FE5E-4354-84CD-867E8DC2B224}.Debug|Any CPU.Build.0 = Debug|Any CPU
		{4E817636-FE5E-4354-84CD-867E8DC2B224}.Release|Any CPU.ActiveCfg = Release|Any CPU
		{4E817636-FE5E-4354-84CD-867E8DC2B224}.Release|Any CPU.Build.0 = Release|Any CPU
		{C6982771-D9F9-4AD3-87DA-B82ECC2F2EEB}.Debug|Any CPU.ActiveCfg = Debug|Any CPU
		{C6982771-D9F9-4AD3-87DA-B82ECC2F2EEB}.Debug|Any CPU.Build.0 = Debug|Any CPU
		{C6982771-D9F9-4AD3-87DA-B82ECC2F2EEB}.Release|Any CPU.ActiveCfg = Release|Any CPU
		{C6982771-D9F9-4AD3-87DA-B82ECC2F2EEB}.Release|Any CPU.Build.0 = Release|Any CPU
		{7CB36058-2249-44C2-9D9D-A2439787D5FE}.Debug|Any CPU.ActiveCfg = Debug|Any CPU
		{7CB36058-2249-44C2-9D9D-A2439787D5FE}.Debug|Any CPU.Build.0 = Debug|Any CPU
		{7CB36058-2249-44C2-9D9D-A2439787D5FE}.Release|Any CPU.ActiveCfg = Release|Any CPU
		{7CB36058-2249-44C2-9D9D-A2439787D5FE}.Release|Any CPU.Build.0 = Release|Any CPU
		{F555E9A5-C928-4510-A264-CD98FD0CC057}.Debug|Any CPU.ActiveCfg = Debug|Any CPU
		{F555E9A5-C928-4510-A264-CD98FD0CC057}.Debug|Any CPU.Build.0 = Debug|Any CPU
		{F555E9A5-C928-4510-A264-CD98FD0CC057}.Release|Any CPU.ActiveCfg = Release|Any CPU
		{F555E9A5-C928-4510-A264-CD98FD0CC057}.Release|Any CPU.Build.0 = Release|Any CPU
		{1E9C4690-DF5D-4779-B53D-16E7943785EB}.Debug|Any CPU.ActiveCfg = Debug|Any CPU
		{1E9C4690-DF5D-4779-B53D-16E7943785EB}.Debug|Any CPU.Build.0 = Debug|Any CPU
		{1E9C4690-DF5D-4779-B53D-16E7943785EB}.Release|Any CPU.ActiveCfg = Release|Any CPU
		{1E9C4690-DF5D-4779-B53D-16E7943785EB}.Release|Any CPU.Build.0 = Release|Any CPU
		{8260AECD-FE39-45D8-8971-D4F5681F3FF8}.Debug|Any CPU.ActiveCfg = Debug|Any CPU
		{8260AECD-FE39-45D8-8971-D4F5681F3FF8}.Debug|Any CPU.Build.0 = Debug|Any CPU
		{8260AECD-FE39-45D8-8971-D4F5681F3FF8}.Release|Any CPU.ActiveCfg = Release|Any CPU
		{8260AECD-FE39-45D8-8971-D4F5681F3FF8}.Release|Any CPU.Build.0 = Release|Any CPU
		{BC2F9ED2-FE5A-4E8C-B8DA-7DCF5F55675A}.Debug|Any CPU.ActiveCfg = Debug|Any CPU
		{BC2F9ED2-FE5A-4E8C-B8DA-7DCF5F55675A}.Debug|Any CPU.Build.0 = Debug|Any CPU
		{BC2F9ED2-FE5A-4E8C-B8DA-7DCF5F55675A}.Release|Any CPU.ActiveCfg = Release|Any CPU
		{BC2F9ED2-FE5A-4E8C-B8DA-7DCF5F55675A}.Release|Any CPU.Build.0 = Release|Any CPU
		{AF36A3DB-E00B-462C-A7C4-1A380DB6E852}.Debug|Any CPU.ActiveCfg = Debug|Any CPU
		{AF36A3DB-E00B-462C-A7C4-1A380DB6E852}.Debug|Any CPU.Build.0 = Debug|Any CPU
		{AF36A3DB-E00B-462C-A7C4-1A380DB6E852}.Release|Any CPU.ActiveCfg = Release|Any CPU
		{AF36A3DB-E00B-462C-A7C4-1A380DB6E852}.Release|Any CPU.Build.0 = Release|Any CPU
		{3CE6B008-71C3-4FEA-9809-767036C2B04F}.Debug|Any CPU.ActiveCfg = Debug|Any CPU
		{3CE6B008-71C3-4FEA-9809-767036C2B04F}.Debug|Any CPU.Build.0 = Debug|Any CPU
		{3CE6B008-71C3-4FEA-9809-767036C2B04F}.Release|Any CPU.ActiveCfg = Release|Any CPU
		{3CE6B008-71C3-4FEA-9809-767036C2B04F}.Release|Any CPU.Build.0 = Release|Any CPU
		{68516DD7-077A-4169-B788-72705D8164AF}.Debug|Any CPU.ActiveCfg = Debug|Any CPU
		{68516DD7-077A-4169-B788-72705D8164AF}.Debug|Any CPU.Build.0 = Debug|Any CPU
		{68516DD7-077A-4169-B788-72705D8164AF}.Release|Any CPU.ActiveCfg = Release|Any CPU
		{68516DD7-077A-4169-B788-72705D8164AF}.Release|Any CPU.Build.0 = Release|Any CPU
	EndGlobalSection
	GlobalSection(SolutionProperties) = preSolution
		HideSolutionNode = FALSE
	EndGlobalSection
	GlobalSection(NestedProjects) = preSolution
		{2E190B91-1632-4C9C-A2A3-623F5543AFA7} = {EEEDD957-1D37-4892-9D0F-D880B3D545E6}
		{4E817636-FE5E-4354-84CD-867E8DC2B224} = {EEEDD957-1D37-4892-9D0F-D880B3D545E6}
		{C6982771-D9F9-4AD3-87DA-B82ECC2F2EEB} = {EEEDD957-1D37-4892-9D0F-D880B3D545E6}
		{7CB36058-2249-44C2-9D9D-A2439787D5FE} = {EEEDD957-1D37-4892-9D0F-D880B3D545E6}
		{F555E9A5-C928-4510-A264-CD98FD0CC057} = {EEEDD957-1D37-4892-9D0F-D880B3D545E6}
		{1E9C4690-DF5D-4779-B53D-16E7943785EB} = {02EA681E-C7D8-13C7-8484-4AC65E1B71E8}
		{8260AECD-FE39-45D8-8971-D4F5681F3FF8} = {02EA681E-C7D8-13C7-8484-4AC65E1B71E8}
		{BC2F9ED2-FE5A-4E8C-B8DA-7DCF5F55675A} = {13A75666-A890-4996-8BBF-68000F81D268}
		{AF36A3DB-E00B-462C-A7C4-1A380DB6E852} = {13A75666-A890-4996-8BBF-68000F81D268}
		{3CE6B008-71C3-4FEA-9809-767036C2B04F} = {13A75666-A890-4996-8BBF-68000F81D268}
		{68516DD7-077A-4169-B788-72705D8164AF} = {13A75666-A890-4996-8BBF-68000F81D268}
		{A93B9170-1C9A-41A5-8C49-7EAD59DC1D30} = {8CB79FAB-2E13-4ABE-B9A8-264C94C173E8}
	EndGlobalSection
	GlobalSection(ExtensibilityGlobals) = postSolution
		SolutionGuid = {64B0E7DB-1EDC-4643-83CE-8964325D35DF}
	EndGlobalSection
EndGlobal
